{
	"name": "@underlay/pipeline",
	"version": "0.2.0",
	"lockfileVersion": 1,
	"requires": true,
	"dependencies": {
		"@cto.af/textdecoder": {
			"version": "0.0.0",
			"resolved": "https://registry.npmjs.org/@cto.af/textdecoder/-/textdecoder-0.0.0.tgz",
			"integrity": "sha512-sJpx3F5xcVV/9jNYJQtvimo4Vfld/nD3ph+ZWtQzZ03Zo8rJC7QKQTRcIGS13Rcz80DwFNthCWMrd58vpY4ZAQ=="
		},
		"@types/node": {
			"version": "14.14.35",
			"resolved": "https://registry.npmjs.org/@types/node/-/node-14.14.35.tgz",
			"integrity": "sha512-Lt+wj8NVPx0zUmUwumiVXapmaLUcAk3yPuHCFVXras9k5VT9TdhJqKqGVUQCD60OTMCl0qxJ57OiTL0Mic3Iag=="
		},
		"@types/node-fetch": {
			"version": "2.5.8",
			"resolved": "https://registry.npmjs.org/@types/node-fetch/-/node-fetch-2.5.8.tgz",
			"integrity": "sha512-fbjI6ja0N5ZA8TV53RUqzsKNkl9fv8Oj3T7zxW7FGv1GSH7gwJaNF8dzCjrqKaxKeUpTz4yT1DaJFq/omNpGfw==",
			"dev": true,
			"requires": {
				"@types/node": "*",
				"form-data": "^3.0.0"
			}
		},
		"@types/signed-varint": {
			"version": "gist:b46025b5175e06c1586d714dc0960443#5d7a8bac58846e0a86186d2ac33a4bf13940431a",
			"from": "gist:b46025b5175e06c1586d714dc0960443"
		},
		"@types/varint": {
			"version": "6.0.0",
			"resolved": "https://registry.npmjs.org/@types/varint/-/varint-6.0.0.tgz",
			"integrity": "sha512-2jBazyxGl4644tvu3VAez8UA/AtrcEetT9HOeAbqZ/vAcRVL/ZDFQjSS7rkWusU5cyONQVUz+nwwrNZdMva4ow==",
			"requires": {
				"@types/node": "*"
			}
		},
		"@underlay/apg": {
			"version": "1.2.5",
			"resolved": "https://registry.npmjs.org/@underlay/apg/-/apg-1.2.5.tgz",
			"integrity": "sha512-2SpgYzIhBOKdDe09pzohaDff5rsvcUtBiV+fkefiE5DoyUOOK5L+SrOQX4OAw3vhTxznhjHuY5gIh/pj5b72AA==",
			"dev": true
		},
		"@underlay/apg-codec-apg": {
			"version": "1.2.5",
			"resolved": "https://registry.npmjs.org/@underlay/apg-codec-apg/-/apg-codec-apg-1.2.5.tgz",
			"integrity": "sha512-AjdQZGI4xrA0f+lLiAjV9NG15wtBye7fLvhxAm7IopyITLaLJocHHA7sNnWr0OQEJjQn7cujXelaaJ6K9WNFfg=="
		},
		"@underlay/apg-codec-table": {
			"version": "1.2.5",
			"resolved": "https://registry.npmjs.org/@underlay/apg-codec-table/-/apg-codec-table-1.2.5.tgz",
			"integrity": "sha512-p8ch700SIlaRN0SynfQLa8gcE2mxBVX5He5bcmw+c8/O0q20pkuWY4GoF3ElUYeLl5//KrRMe8RswdCZvdZkvw==",
			"requires": {
				"@underlay/namespaces": "^0.0.3"
			}
		},
		"@underlay/apg-format-binary": {
			"version": "1.2.5",
			"resolved": "https://registry.npmjs.org/@underlay/apg-format-binary/-/apg-format-binary-1.2.5.tgz",
			"integrity": "sha512-8T4wY+M+/kwyjRDYaO2MfhbQJQzAugtIjgJJdnOmzt5iVNprQamQOZGiY1MHLl6JrDNBDQU4zTbV905UFe5UMw==",
			"requires": {
				"@types/signed-varint": "gist:b46025b5175e06c1586d714dc0960443",
				"@types/varint": "^6.0.0",
				"@underlay/namespaces": "^0.0.3",
				"bignumber.js": "^9.0.1",
				"cbor": "^7.0.3",
				"signed-varint": "^2.0.1",
				"varint": "^6.0.0"
			}
		},
		"@underlay/apg-schema-schema": {
			"version": "1.2.5",
			"resolved": "https://registry.npmjs.org/@underlay/apg-schema-schema/-/apg-schema-schema-1.2.5.tgz",
			"integrity": "sha512-2rXRiFIKYhMXCFCo5YLxmZ05SB1AVRt6tsAfHb2PbWX5Y++7VeBcG/pR9ZNgZ38vHz2cAB+LsFntn1lP0O6H3Q==",
			"requires": {
				"@underlay/namespaces": "^0.0.3"
			}
		},
		"@underlay/namespaces": {
			"version": "0.0.3",
			"resolved": "https://registry.npmjs.org/@underlay/namespaces/-/namespaces-0.0.3.tgz",
			"integrity": "sha512-hb3ItGTzCePRlWUuKdFh78AX1g8ttAP/u6uzfxUFxTTx6rIyMuxyhuFqWMR2WNjdTHNtAMO+adoqbppFbjK1Ug=="
		},
		"asynckit": {
			"version": "0.4.0",
			"resolved": "https://registry.npmjs.org/asynckit/-/asynckit-0.4.0.tgz",
			"integrity": "sha1-x57Zf380y48robyXkLzDZkdLS3k=",
			"dev": true
		},
		"bignumber.js": {
			"version": "9.0.1",
			"resolved": "https://registry.npmjs.org/bignumber.js/-/bignumber.js-9.0.1.tgz",
			"integrity": "sha512-IdZR9mh6ahOBv/hYGiXyVuyCetmGJhtYkqLBpTStdhEGjegpPlUawydyaF3pbIOFynJTpllEs+NP+CS9jKFLjA=="
		},
		"cbor": {
			"version": "7.0.4",
			"resolved": "https://registry.npmjs.org/cbor/-/cbor-7.0.4.tgz",
			"integrity": "sha512-9hBTn31l7+9qteBso7+HPp2R5ytqFRBd98fHK4ZTpvrba8V7CuoOsEL0S6vf7+11gubMTd3RW97lOgMTl5SNfg==",
			"requires": {
				"@cto.af/textdecoder": "^0.0.0",
				"nofilter": "^2.0.3"
			}
		},
		"combined-stream": {
			"version": "1.0.8",
			"resolved": "https://registry.npmjs.org/combined-stream/-/combined-stream-1.0.8.tgz",
			"integrity": "sha512-FQN4MRfuJeHf7cBbBMJFXhKSDq+2kAArBlmRBvcvFE5BB1HZKXtSFASDhdlz9zOYwxh8lDdnvmMOe/+5cdoEdg==",
			"dev": true,
			"requires": {
				"delayed-stream": "~1.0.0"
			}
		},
		"delayed-stream": {
			"version": "1.0.0",
			"resolved": "https://registry.npmjs.org/delayed-stream/-/delayed-stream-1.0.0.tgz",
			"integrity": "sha1-3zrhmayt+31ECqrgsp4icrJOxhk=",
			"dev": true
		},
		"form-data": {
			"version": "3.0.1",
			"resolved": "https://registry.npmjs.org/form-data/-/form-data-3.0.1.tgz",
			"integrity": "sha512-RHkBKtLWUVwd7SqRIvCZMEvAMoGUp0XU+seQiZejj0COz3RI3hWP4sCv3gZWWLjJTd7rGwcsF5eKZGii0r/hbg==",
			"dev": true,
			"requires": {
				"asynckit": "^0.4.0",
				"combined-stream": "^1.0.8",
				"mime-types": "^2.1.12"
			}
		},
		"fp-ts": {
			"version": "2.9.5",
			"resolved": "https://registry.npmjs.org/fp-ts/-/fp-ts-2.9.5.tgz",
			"integrity": "sha512-MiHrA5teO6t8zKArE3DdMPT/Db6v2GUt5yfWnhBTrrsVfeCJUUnV6sgFvjGNBKDmEMqVwRFkEePL7wPwqrLKKA==",
			"dev": true
		},
		"io-ts": {
			"version": "2.2.16",
			"resolved": "https://registry.npmjs.org/io-ts/-/io-ts-2.2.16.tgz",
			"integrity": "sha512-y5TTSa6VP6le0hhmIyN0dqEXkrZeJLeC5KApJq6VLci3UEKF80lZ+KuoUs02RhBxNWlrqSNxzfI7otLX1Euv8Q==",
			"dev": true
		},
		"mime-db": {
			"version": "1.46.0",
			"resolved": "https://registry.npmjs.org/mime-db/-/mime-db-1.46.0.tgz",
			"integrity": "sha512-svXaP8UQRZ5K7or+ZmfNhg2xX3yKDMUzqadsSqi4NCH/KomcH75MAMYAGVlvXn4+b/xOPhS3I2uHKRUzvjY7BQ==",
			"dev": true
		},
		"mime-types": {
			"version": "2.1.29",
			"resolved": "https://registry.npmjs.org/mime-types/-/mime-types-2.1.29.tgz",
			"integrity": "sha512-Y/jMt/S5sR9OaqteJtslsFZKWOIIqMACsJSiHghlCAyhf7jfVYjKBmLiX8OgpWeW+fjJ2b+Az69aPFPkUOY6xQ==",
			"dev": true,
			"requires": {
				"mime-db": "1.46.0"
			}
		},
		"node-fetch": {
			"version": "2.6.1",
			"resolved": "https://registry.npmjs.org/node-fetch/-/node-fetch-2.6.1.tgz",
			"integrity": "sha512-V4aYg89jEoVRxRb2fJdAg8FHvI7cEyYdVAh94HH0UIK8oJxUfkjlDQN9RbMx+bEjP7+ggMiFRprSti032Oipxw=="
		},
		"nofilter": {
			"version": "2.0.3",
			"resolved": "https://registry.npmjs.org/nofilter/-/nofilter-2.0.3.tgz",
			"integrity": "sha512-FbuXC+lK+GU2+63D1kC1ETiZo+Z7SIi7B+mxKTCH1byrh6WFvfBCN/wpherFz0a0bjGd7EKTst/cz0yLeNngug==",
			"requires": {
				"@cto.af/textdecoder": "^0.0.0"
			}
		},
		"signed-varint": {
			"version": "2.0.1",
			"resolved": "https://registry.npmjs.org/signed-varint/-/signed-varint-2.0.1.tgz",
			"integrity": "sha1-UKmYnafJjCxh2tEZvJdHDvhSgSk=",
			"requires": {
				"varint": "~5.0.0"
			},
			"dependencies": {
				"varint": {
					"version": "5.0.2",
					"resolved": "https://registry.npmjs.org/varint/-/varint-5.0.2.tgz",
					"integrity": "sha512-lKxKYG6H03yCZUpAGOPOsMcGxd1RHCu1iKvEHYDPmTyq2HueGhD73ssNBqqQWfvYs04G9iUFRvmAVLW20Jw6ow=="
				}
			}
		},
		"varint": {
			"version": "6.0.0",
			"resolved": "https://registry.npmjs.org/varint/-/varint-6.0.0.tgz",
			"integrity": "sha512-cXEIW6cfr15lFv563k4GuVuW/fiwjknytD37jIOLSdSWuOI6WnO/oKwmP2FQTU2l01LP8/M5TSAJpzUaGe3uWg=="
		}
	}
}
