{
	"name": "@underlay/block-csv-import-runtime",
	"version": "0.0.1",
	"lockfileVersion": 1,
	"requires": true,
	"dependencies": {
		"@types/node": {
			"version": "14.14.26",
			"resolved": "https://registry.npmjs.org/@types/node/-/node-14.14.26.tgz",
			"integrity": "sha512-skWxepWOs+VArEBWd2S/VR3wUavioIIx9/HzW+UJiIjtwa6+kNXdsOeq7FfxDXf56hIcL0ieo2brwMgBJ1+lhw=="
		},
		"@types/papaparse": {
			"version": "5.2.5",
			"resolved": "https://registry.npmjs.org/@types/papaparse/-/papaparse-5.2.5.tgz",
			"integrity": "sha512-TlqGskBad6skAgx2ifQmkO/FwiwObuWltBvX2bDceQhXh9IyZ7jYCK7qwhjB67kxw+0LJDXXM4jN3lcGqm1g5w==",
			"dev": true,
			"requires": {
				"@types/node": "*"
			}
		},
		"@types/signed-varint": {
			"version": "gist:b46025b5175e06c1586d714dc0960443#5d7a8bac58846e0a86186d2ac33a4bf13940431a",
			"from": "gist:b46025b5175e06c1586d714dc0960443"
		},
		"@types/varint": {
			"version": "5.0.0",
			"resolved": "https://registry.npmjs.org/@types/varint/-/varint-5.0.0.tgz",
			"integrity": "sha512-dIJiYqeDnYQ5Bc4mv+E5prqFIQlUTM1yDzwC5VQfL29pcYlm/5q1shY/MjbBT1FQAU5gzKE10DdGbu8B2EoFQg==",
			"requires": {
				"@types/node": "*"
			}
		},
		"@underlay/apg": {
			"version": "1.2.0",
			"resolved": "https://registry.npmjs.org/@underlay/apg/-/apg-1.2.0.tgz",
			"integrity": "sha512-Hh7gO8eAlVKzcup5Sd7y9roT1M8Ok6W31MlDUdo911Mjc7V9cUr8Lz84THQ2IKHcew/B95aHcVl/I7czfQ6VMQ==",
			"dev": true
		},
		"@underlay/apg-codec-table": {
			"version": "1.1.2",
			"resolved": "https://registry.npmjs.org/@underlay/apg-codec-table/-/apg-codec-table-1.1.2.tgz",
			"integrity": "sha512-tEco4t/AedzYD/DQ5VZDqJW5PcRJSdvn9KnQxCugjso68uO92WXgVm/YvPt+P3PuDHfRuWoj/hjzGLN+KNvydw==",
			"requires": {
				"@underlay/namespaces": "0.0.2"
			}
		},
		"@underlay/apg-format-binary": {
			"version": "1.1.2",
			"resolved": "https://registry.npmjs.org/@underlay/apg-format-binary/-/apg-format-binary-1.1.2.tgz",
			"integrity": "sha512-/MPKepHKVsmW7jdfeDK4WaKWFiDG6Vg6grnPCRJY/11DqLfqy0qJnvH1P9tLEKyO9O5s2aF0mBKx212fE+GeGw==",
			"requires": {
				"@types/signed-varint": "gist:b46025b5175e06c1586d714dc0960443",
				"@types/varint": "^5.0.0",
				"@underlay/namespaces": "0.0.2",
				"cbor-redux": "^0.3.1",
				"signed-varint": "^2.0.1",
				"varint": "^6.0.0"
			}
		},
		"@underlay/namespaces": {
			"version": "0.0.2",
			"resolved": "https://registry.npmjs.org/@underlay/namespaces/-/namespaces-0.0.2.tgz",
			"integrity": "sha512-FsSaQgWepCehQnw847e+SvvxyAcpebO5JsXnuh7lkW9Gk/HKKEClNPIs13qjlrqfb9LpO+CVFnq6g2d59iEavg=="
		},
		"base64-js": {
			"version": "1.5.1",
			"resolved": "https://registry.npmjs.org/base64-js/-/base64-js-1.5.1.tgz",
			"integrity": "sha512-AKpaYlHn8t4SVbOHCy+b5+KKgvR4vrsD8vbvrbiQJps7fKDTkjkDry6ji0rUJjC0kzbNePLwzxq8iypo41qeWA=="
		},
		"buffer": {
			"version": "6.0.3",
			"resolved": "https://registry.npmjs.org/buffer/-/buffer-6.0.3.tgz",
			"integrity": "sha512-FTiCpNxtwiZZHEZbcbTIcZjERVICn9yq/pDFkTl95/AxzD1naBctN7YO68riM/gLSDY7sdrMby8hofADYuuqOA==",
			"requires": {
				"base64-js": "^1.3.1",
				"ieee754": "^1.2.1"
			}
		},
		"cbor-redux": {
			"version": "0.3.1",
			"resolved": "https://registry.npmjs.org/cbor-redux/-/cbor-redux-0.3.1.tgz",
			"integrity": "sha512-gUKg3J5Lewk7IkQurhrEVPQ3UvZp2e7knK/y7UAuf+RTu7zspOGvmv05ZbXlDkk0nW1EGLEJ2zy+JEksg6n7lQ=="
		},
		"fp-ts": {
			"version": "2.9.5",
			"resolved": "https://registry.npmjs.org/fp-ts/-/fp-ts-2.9.5.tgz",
			"integrity": "sha512-MiHrA5teO6t8zKArE3DdMPT/Db6v2GUt5yfWnhBTrrsVfeCJUUnV6sgFvjGNBKDmEMqVwRFkEePL7wPwqrLKKA==",
			"dev": true
		},
		"ieee754": {
			"version": "1.2.1",
			"resolved": "https://registry.npmjs.org/ieee754/-/ieee754-1.2.1.tgz",
			"integrity": "sha512-dcyqhDvX1C46lXZcVqCpK+FtMRQVdIMN6/Df5js2zouUsqG7I6sFxitIC+7KYK29KdXOLHdu9zL4sFnoVQnqaA=="
		},
		"io-ts": {
			"version": "2.2.14",
			"resolved": "https://registry.npmjs.org/io-ts/-/io-ts-2.2.14.tgz",
			"integrity": "sha512-UWL1mdDe5YI4+/7YlrbsSwKmsECFFlWcVHT2CPGzeNODHj2qY0cibjulYfrfz5SCPoDAsjVP7vFKGcF+L10+SQ==",
			"dev": true
		},
		"papaparse": {
			"version": "5.3.0",
			"resolved": "https://registry.npmjs.org/papaparse/-/papaparse-5.3.0.tgz",
			"integrity": "sha512-Lb7jN/4bTpiuGPrYy4tkKoUS8sTki8zacB5ke1p5zolhcSE4TlWgrlsxjrDTbG/dFVh07ck7X36hUf/b5V68pg=="
		},
		"signed-varint": {
			"version": "2.0.1",
			"resolved": "https://registry.npmjs.org/signed-varint/-/signed-varint-2.0.1.tgz",
			"integrity": "sha1-UKmYnafJjCxh2tEZvJdHDvhSgSk=",
			"requires": {
				"varint": "~5.0.0"
			},
			"dependencies": {
				"varint": {
					"version": "5.0.2",
					"resolved": "https://registry.npmjs.org/varint/-/varint-5.0.2.tgz",
					"integrity": "sha512-lKxKYG6H03yCZUpAGOPOsMcGxd1RHCu1iKvEHYDPmTyq2HueGhD73ssNBqqQWfvYs04G9iUFRvmAVLW20Jw6ow=="
				}
			}
		},
		"varint": {
			"version": "6.0.0",
			"resolved": "https://registry.npmjs.org/varint/-/varint-6.0.0.tgz",
			"integrity": "sha512-cXEIW6cfr15lFv563k4GuVuW/fiwjknytD37jIOLSdSWuOI6WnO/oKwmP2FQTU2l01LP8/M5TSAJpzUaGe3uWg=="
		}
	}
}
