{
	"name": "@underlay/pipeline-codecs",
	"version": "0.1.0",
	"lockfileVersion": 1,
	"requires": true,
	"dependencies": {
		"@underlay/apg": {
			"version": "1.2.4",
			"resolved": "https://registry.npmjs.org/@underlay/apg/-/apg-1.2.4.tgz",
			"integrity": "sha512-vTwf1wMVI+BVcMS2cuoeGCpWsnGEUQ5ZqHYPsny2wezJ6GOynzQ+tfn/XTtmotEpurdxUiIntA0Pr60AVg57Tw==",
			"dev": true
		},
		"@underlay/apg-codec-apg": {
			"version": "1.2.4",
			"resolved": "https://registry.npmjs.org/@underlay/apg-codec-apg/-/apg-codec-apg-1.2.4.tgz",
			"integrity": "sha512-rd9bGRn4gr2nHyf+OicC1N+A4sKwfp6WJXnxLxFBm1sJgO8iWPAQDBh3VMYWEdoBGopzFVdcpbHTvEObJ6C7Wg=="
		},
		"@underlay/apg-codec-table": {
			"version": "1.2.4",
			"resolved": "https://registry.npmjs.org/@underlay/apg-codec-table/-/apg-codec-table-1.2.4.tgz",
			"integrity": "sha512-vXCLtEA7w4MCgR/AUs2sS3xYIlclKuTRsWQSjYyBaHbZovP63Baz0AwpgkkqAZ5jAvETRz1SpofDcAsp4Gsp5Q==",
			"requires": {
				"@underlay/namespaces": "0.0.2"
			}
		},
		"@underlay/apg-schema-schema": {
			"version": "1.2.4",
			"resolved": "https://registry.npmjs.org/@underlay/apg-schema-schema/-/apg-schema-schema-1.2.4.tgz",
			"integrity": "sha512-OipPokx7wfrl/n/DODkXw9+Q0m/zM9/NoQzwNRbQOPBArO5LQrkqPXRPEwl5vHiqxZFn8xR47+iFXPtED3QTWg==",
			"requires": {
				"@underlay/namespaces": "0.0.2"
			}
		},
		"@underlay/namespaces": {
			"version": "0.0.2",
			"resolved": "https://registry.npmjs.org/@underlay/namespaces/-/namespaces-0.0.2.tgz",
			"integrity": "sha512-FsSaQgWepCehQnw847e+SvvxyAcpebO5JsXnuh7lkW9Gk/HKKEClNPIs13qjlrqfb9LpO+CVFnq6g2d59iEavg=="
		},
		"fp-ts": {
			"version": "2.9.5",
			"resolved": "https://registry.npmjs.org/fp-ts/-/fp-ts-2.9.5.tgz",
			"integrity": "sha512-MiHrA5teO6t8zKArE3DdMPT/Db6v2GUt5yfWnhBTrrsVfeCJUUnV6sgFvjGNBKDmEMqVwRFkEePL7wPwqrLKKA==",
			"dev": true
		},
		"io-ts": {
			"version": "2.2.15",
			"resolved": "https://registry.npmjs.org/io-ts/-/io-ts-2.2.15.tgz",
			"integrity": "sha512-ww2ZPrErx5pjCCI/tWRwjlEIDEndnN9kBIxAylXj+WNIH4ZVgaUqFuabGouehkRuvrmvzO5OnZmLf+o50h4izQ==",
			"dev": true
		}
	}
}
