{
	"name": "@underlay/pipeline-runtime",
	"version": "0.0.1",
	"lockfileVersion": 1,
	"requires": true,
	"dependencies": {
		"@underlay/apg": {
			"version": "1.1.2",
			"resolved": "https://registry.npmjs.org/@underlay/apg/-/apg-1.1.2.tgz",
			"integrity": "sha512-wWJrzOKNwDVvgihMOZRLphbjzuxkYaDonbxd92v2N/+AxXJCY3F+A9Was5J/8/4HeqWlzxn54lzDP5w0pnphWw==",
			"dev": true
		}
	}
}
