{
	"name": "@underlay/pipeline-runtime",
	"version": "0.0.1",
	"lockfileVersion": 1,
	"requires": true,
	"dependencies": {
		"@underlay/apg": {
			"version": "1.1.3",
			"resolved": "https://registry.npmjs.org/@underlay/apg/-/apg-1.1.3.tgz",
			"integrity": "sha512-E01aRi0rPmSkyceoeF5/DFdF+MSg6tKID9spIeSqjYwvyfLEMzmOh5eNz7ckPZ5REI0hS4R/zuMir5YBhWfLqQ==",
			"dev": true
		},
		"@underlay/apg-schema-schema": {
			"version": "1.1.2",
			"resolved": "https://registry.npmjs.org/@underlay/apg-schema-schema/-/apg-schema-schema-1.1.2.tgz",
			"integrity": "sha512-4yB8D/T6Lp1hhF5JmI5UQMhs0bXhmP74avDof3/wapnRaSbGWdKIV8djdxP8bXl/Rx14/yDBXLwgAGAozq0dPA==",
			"requires": {
				"@underlay/namespaces": "0.0.2"
			}
		},
		"@underlay/namespaces": {
			"version": "0.0.2",
			"resolved": "https://registry.npmjs.org/@underlay/namespaces/-/namespaces-0.0.2.tgz",
			"integrity": "sha512-FsSaQgWepCehQnw847e+SvvxyAcpebO5JsXnuh7lkW9Gk/HKKEClNPIs13qjlrqfb9LpO+CVFnq6g2d59iEavg=="
		},
		"fp-ts": {
			"version": "2.9.5",
			"resolved": "https://registry.npmjs.org/fp-ts/-/fp-ts-2.9.5.tgz",
			"integrity": "sha512-MiHrA5teO6t8zKArE3DdMPT/Db6v2GUt5yfWnhBTrrsVfeCJUUnV6sgFvjGNBKDmEMqVwRFkEePL7wPwqrLKKA==",
			"dev": true
		},
		"io-ts": {
			"version": "2.2.14",
			"resolved": "https://registry.npmjs.org/io-ts/-/io-ts-2.2.14.tgz",
			"integrity": "sha512-UWL1mdDe5YI4+/7YlrbsSwKmsECFFlWcVHT2CPGzeNODHj2qY0cibjulYfrfz5SCPoDAsjVP7vFKGcF+L10+SQ==",
			"dev": true
		}
	}
}
